// !$*UTF8*$!
{
	archiveVersion = 1;
	classes = {
	};
	objectVersion = 77;
	objects = {

/* Begin PBXContainerItemProxy section */
		F4D775102D0B4CDC000BA427 /* PBXContainerItemProxy */ = {
			isa = PBXContainerItemProxy;
			containerPortal = F4D774F72D0B4CDA000BA427 /* Project object */;
			proxyType = 1;
			remoteGlobalIDString = F4D774FE2D0B4CDA000BA427;
			remoteInfo = boilerplateSUI;
		};
		F4D7751A2D0B4CDC000BA427 /* PBXContainerItemProxy */ = {
			isa = PBXContainerItemProxy;
			containerPortal = F4D774F72D0B4CDA000BA427 /* Project object */;
			proxyType = 1;
			remoteGlobalIDString = F4D774FE2D0B4CDA000BA427;
			remoteInfo = boilerplateSUI;
		};
/* End PBXContainerItemProxy section */

/* Begin PBXFileReference section */
		F4D774FF2D0B4CDA000BA427 /* boilerplateSUI.app */ = {isa = PBXFileReference; explicitFileType = wrapper.application; includeInIndex = 0; path = boilerplateSUI.app; sourceTree = BUILT_PRODUCTS_DIR; };
		F4D7750F2D0B4CDC000BA427 /* boilerplateSUITests.xctest */ = {isa = PBXFileReference; explicitFileType = wrapper.cfbundle; includeInIndex = 0; path = boilerplateSUITests.xctest; sourceTree = BUILT_PRODUCTS_DIR; };
		F4D775192D0B4CDC000BA427 /* boilerplateSUIUITests.xctest */ = {isa = PBXFileReference; explicitFileType = wrapper.cfbundle; includeInIndex = 0; path = boilerplateSUIUITests.xctest; sourceTree = BUILT_PRODUCTS_DIR; };
/* End PBXFileReference section */

/* Begin PBXFileSystemSynchronizedRootGroup section */
		F4D775012D0B4CDA000BA427 /* boilerplateSUI */ = {
			isa = PBXFileSystemSynchronizedRootGroup;
			path = boilerplateSUI;
			sourceTree = "<group>";
		};
		F4D775122D0B4CDC000BA427 /* boilerplateSUITests */ = {
			isa = PBXFileSystemSynchronizedRootGroup;
			path = boilerplateSUITests;
			sourceTree = "<group>";
		};
		F4D7751C2D0B4CDC000BA427 /* boilerplateSUIUITests */ = {
			isa = PBXFileSystemSynchronizedRootGroup;
			path = boilerplateSUIUITests;
			sourceTree = "<group>";
		};
/* End PBXFileSystemSynchronizedRootGroup section */

/* Begin PBXFrameworksBuildPhase section */
		F4D774FC2D0B4CDA000BA427 /* Frameworks */ = {
			isa = PBXFrameworksBuildPhase;
			buildActionMask = 2147483647;
			files = (
			);
			runOnlyForDeploymentPostprocessing = 0;
		};
		F4D7750C2D0B4CDC000BA427 /* Frameworks */ = {
			isa = PBXFrameworksBuildPhase;
			buildActionMask = 2147483647;
			files = (
			);
			runOnlyForDeploymentPostprocessing = 0;
		};
		F4D775162D0B4CDC000BA427 /* Frameworks */ = {
			isa = PBXFrameworksBuildPhase;
			buildActionMask = 2147483647;
			files = (
			);
			runOnlyForDeploymentPostprocessing = 0;
		};
/* End PBXFrameworksBuildPhase section */

/* Begin PBXGroup section */
		F4D774F62D0B4CDA000BA427 = {
			isa = PBXGroup;
			children = (
				F4D775012D0B4CDA000BA427 /* boilerplateSUI */,
				F4D775122D0B4CDC000BA427 /* boilerplateSUITests */,
				F4D7751C2D0B4CDC000BA427 /* boilerplateSUIUITests */,
				F4D775002D0B4CDA000BA427 /* Products */,
			);
			sourceTree = "<group>";
		};
		F4D775002D0B4CDA000BA427 /* Products */ = {
			isa = PBXGroup;
			children = (
				F4D774FF2D0B4CDA000BA427 /* boilerplateSUI.app */,
				F4D7750F2D0B4CDC000BA427 /* boilerplateSUITests.xctest */,
				F4D775192D0B4CDC000BA427 /* boilerplateSUIUITests.xctest */,
			);
			name = Products;
			sourceTree = "<group>";
		};
/* End PBXGroup section */

/* Begin PBXNativeTarget section */
		F4D774FE2D0B4CDA000BA427 /* boilerplateSUI */ = {
			isa = PBXNativeTarget;
			buildConfigurationList = F4D775232D0B4CDD000BA427 /* Build configuration list for PBXNativeTarget "boilerplateSUI" */;
			buildPhases = (
				F4D774FB2D0B4CDA000BA427 /* Sources */,
				F4D774FC2D0B4CDA000BA427 /* Frameworks */,
				F4D774FD2D0B4CDA000BA427 /* Resources */,
			);
			buildRules = (
			);
			dependencies = (
			);
			fileSystemSynchronizedGroups = (
				F4D775012D0B4CDA000BA427 /* boilerplateSUI */,
			);
			name = boilerplateSUI;
			packageProductDependencies = (
			);
			productName = boilerplateSUI;
			productReference = F4D774FF2D0B4CDA000BA427 /* boilerplateSUI.app */;
			productType = "com.apple.product-type.application";
		};
		F4D7750E2D0B4CDC000BA427 /* boilerplateSUITests */ = {
			isa = PBXNativeTarget;
			buildConfigurationList = F4D775262D0B4CDD000BA427 /* Build configuration list for PBXNativeTarget "boilerplateSUITests" */;
			buildPhases = (
				F4D7750B2D0B4CDC000BA427 /* Sources */,
				F4D7750C2D0B4CDC000BA427 /* Frameworks */,
				F4D7750D2D0B4CDC000BA427 /* Resources */,
			);
			buildRules = (
			);
			dependencies = (
				F4D775112D0B4CDC000BA427 /* PBXTargetDependency */,
			);
			fileSystemSynchronizedGroups = (
				F4D775122D0B4CDC000BA427 /* boilerplateSUITests */,
			);
			name = boilerplateSUITests;
			packageProductDependencies = (
			);
			productName = boilerplateSUITests;
			productReference = F4D7750F2D0B4CDC000BA427 /* boilerplateSUITests.xctest */;
			productType = "com.apple.product-type.bundle.unit-test";
		};
		F4D775182D0B4CDC000BA427 /* boilerplateSUIUITests */ = {
			isa = PBXNativeTarget;
			buildConfigurationList = F4D775292D0B4CDD000BA427 /* Build configuration list for PBXNativeTarget "boilerplateSUIUITests" */;
			buildPhases = (
				F4D775152D0B4CDC000BA427 /* Sources */,
				F4D775162D0B4CDC000BA427 /* Frameworks */,
				F4D775172D0B4CDC000BA427 /* Resources */,
			);
			buildRules = (
			);
			dependencies = (
				F4D7751B2D0B4CDC000BA427 /* PBXTargetDependency */,
			);
			fileSystemSynchronizedGroups = (
				F4D7751C2D0B4CDC000BA427 /* boilerplateSUIUITests */,
			);
			name = boilerplateSUIUITests;
			packageProductDependencies = (
			);
			productName = boilerplateSUIUITests;
			productReference = F4D775192D0B4CDC000BA427 /* boilerplateSUIUITests.xctest */;
			productType = "com.apple.product-type.bundle.ui-testing";
		};
/* End PBXNativeTarget section */

/* Begin PBXProject section */
		F4D774F72D0B4CDA000BA427 /* Project object */ = {
			isa = PBXProject;
			attributes = {
				BuildIndependentTargetsInParallel = 1;
				LastSwiftUpdateCheck = 1620;
				LastUpgradeCheck = 1620;
				TargetAttributes = {
					F4D774FE2D0B4CDA000BA427 = {
						CreatedOnToolsVersion = 16.2;
					};
					F4D7750E2D0B4CDC000BA427 = {
						CreatedOnToolsVersion = 16.2;
						TestTargetID = F4D774FE2D0B4CDA000BA427;
					};
					F4D775182D0B4CDC000BA427 = {
						CreatedOnToolsVersion = 16.2;
						TestTargetID = F4D774FE2D0B4CDA000BA427;
					};
				};
			};
			buildConfigurationList = F4D774FA2D0B4CDA000BA427 /* Build configuration list for PBXProject "boilerplateSUI" */;
			developmentRegion = en;
			hasScannedForEncodings = 0;
			knownRegions = (
				en,
				Base,
			);
			mainGroup = F4D774F62D0B4CDA000BA427;
			minimizedProjectReferenceProxies = 1;
			preferredProjectObjectVersion = 77;
			productRefGroup = F4D775002D0B4CDA000BA427 /* Products */;
			projectDirPath = "";
			projectRoot = "";
			targets = (
				F4D774FE2D0B4CDA000BA427 /* boilerplateSUI */,
				F4D7750E2D0B4CDC000BA427 /* boilerplateSUITests */,
				F4D775182D0B4CDC000BA427 /* boilerplateSUIUITests */,
			);
		};
/* End PBXProject section */

/* Begin PBXResourcesBuildPhase section */
		F4D774FD2D0B4CDA000BA427 /* Resources */ = {
			isa = PBXResourcesBuildPhase;
			buildActionMask = 2147483647;
			files = (
			);
			runOnlyForDeploymentPostprocessing = 0;
		};
		F4D7750D2D0B4CDC000BA427 /* Resources */ = {
			isa = PBXResourcesBuildPhase;
			buildActionMask = 2147483647;
			files = (
			);
			runOnlyForDeploymentPostprocessing = 0;
		};
		F4D775172D0B4CDC000BA427 /* Resources */ = {
			isa = PBXResourcesBuildPhase;
			buildActionMask = 2147483647;
			files = (
			);
			runOnlyForDeploymentPostprocessing = 0;
		};
/* End PBXResourcesBuildPhase section */

/* Begin PBXSourcesBuildPhase section */
		F4D774FB2D0B4CDA000BA427 /* Sources */ = {
			isa = PBXSourcesBuildPhase;
			buildActionMask = 2147483647;
			files = (
			);
			runOnlyForDeploymentPostprocessing = 0;
		};
		F4D7750B2D0B4CDC000BA427 /* Sources */ = {
			isa = PBXSourcesBuildPhase;
			buildActionMask = 2147483647;
			files = (
			);
			runOnlyForDeploymentPostprocessing = 0;
		};
		F4D775152D0B4CDC000BA427 /* Sources */ = {
			isa = PBXSourcesBuildPhase;
			buildActionMask = 2147483647;
			files = (
			);
			runOnlyForDeploymentPostprocessing = 0;
		};
/* End PBXSourcesBuildPhase section */

/* Begin PBXTargetDependency section */
		F4D775112D0B4CDC000BA427 /* PBXTargetDependency */ = {
			isa = PBXTargetDependency;
			target = F4D774FE2D0B4CDA000BA427 /* boilerplateSUI */;
			targetProxy = F4D775102D0B4CDC000BA427 /* PBXContainerItemProxy */;
		};
		F4D7751B2D0B4CDC000BA427 /* PBXTargetDependency */ = {
			isa = PBXTargetDependency;
			target = F4D774FE2D0B4CDA000BA427 /* boilerplateSUI */;
			targetProxy = F4D7751A2D0B4CDC000BA427 /* PBXContainerItemProxy */;
		};
/* End PBXTargetDependency section */

/* Begin XCBuildConfiguration section */
		F4D775212D0B4CDD000BA427 /* Debug */ = {
			isa = XCBuildConfiguration;
			buildSettings = {
				ALWAYS_SEARCH_USER_PATHS = NO;
				ASSETCATALOG_COMPILER_GENERATE_SWIFT_ASSET_SYMBOL_EXTENSIONS = YES;
				CLANG_ANALYZER_NONNULL = YES;
				CLANG_ANALYZER_NUMBER_OBJECT_CONVERSION = YES_AGGRESSIVE;
				CLANG_CXX_LANGUAGE_STANDARD = "gnu++20";
				CLANG_ENABLE_MODULES = YES;
				CLANG_ENABLE_OBJC_ARC = YES;
				CLANG_ENABLE_OBJC_WEAK = YES;
				CLANG_WARN_BLOCK_CAPTURE_AUTORELEASING = YES;
				CLANG_WARN_BOOL_CONVERSION = YES;
				CLANG_WARN_COMMA = YES;
				CLANG_WARN_CONSTANT_CONVERSION = YES;
				CLANG_WARN_DEPRECATED_OBJC_IMPLEMENTATIONS = YES;
				CLANG_WARN_DIRECT_OBJC_ISA_USAGE = YES_ERROR;
				CLANG_WARN_DOCUMENTATION_COMMENTS = YES;
				CLANG_WARN_EMPTY_BODY = YES;
				CLANG_WARN_ENUM_CONVERSION = YES;
				CLANG_WARN_INFINITE_RECURSION = YES;
				CLANG_WARN_INT_CONVERSION = YES;
				CLANG_WARN_NON_LITERAL_NULL_CONVERSION = YES;
				CLANG_WARN_OBJC_IMPLICIT_RETAIN_SELF = YES;
				CLANG_WARN_OBJC_LITERAL_CONVERSION = YES;
				CLANG_WARN_OBJC_ROOT_CLASS = YES_ERROR;
				CLANG_WARN_QUOTED_INCLUDE_IN_FRAMEWORK_HEADER = YES;
				CLANG_WARN_RANGE_LOOP_ANALYSIS = YES;
				CLANG_WARN_STRICT_PROTOTYPES = YES;
				CLANG_WARN_SUSPICIOUS_MOVE = YES;
				CLANG_WARN_UNGUARDED_AVAILABILITY = YES_AGGRESSIVE;
				CLANG_WARN_UNREACHABLE_CODE = YES;
				CLANG_WARN__DUPLICATE_METHOD_MATCH = YES;
				COPY_PHASE_STRIP = NO;
				DEBUG_INFORMATION_FORMAT = dwarf;
				ENABLE_STRICT_OBJC_MSGSEND = YES;
				ENABLE_TESTABILITY = YES;
				ENABLE_USER_SCRIPT_SANDBOXING = YES;
				GCC_C_LANGUAGE_STANDARD = gnu17;
				GCC_DYNAMIC_NO_PIC = NO;
				GCC_NO_COMMON_BLOCKS = YES;
				GCC_OPTIMIZATION_LEVEL = 0;
				GCC_PREPROCESSOR_DEFINITIONS = (
					"DEBUG=1",
					"$(inherited)",
				);
				GCC_WARN_64_TO_32_BIT_CONVERSION = YES;
				GCC_WARN_ABOUT_RETURN_TYPE = YES_ERROR;
				GCC_WARN_UNDECLARED_SELECTOR = YES;
				GCC_WARN_UNINITIALIZED_AUTOS = YES_AGGRESSIVE;
				GCC_WARN_UNUSED_FUNCTION = YES;
				GCC_WARN_UNUSED_VARIABLE = YES;
				IPHONEOS_DEPLOYMENT_TARGET = 18.2;
				LOCALIZATION_PREFERS_STRING_CATALOGS = YES;
				MTL_ENABLE_DEBUG_INFO = INCLUDE_SOURCE;
				MTL_FAST_MATH = YES;
				ONLY_ACTIVE_ARCH = YES;
				SDKROOT = iphoneos;
				SWIFT_ACTIVE_COMPILATION_CONDITIONS = "DEBUG $(inherited)";
				SWIFT_OPTIMIZATION_LEVEL = "-Onone";
			};
			name = Debug;
		};
		F4D775222D0B4CDD000BA427 /* Release */ = {
			isa = XCBuildConfiguration;
			buildSettings = {
				ALWAYS_SEARCH_USER_PATHS = NO;
				ASSETCATALOG_COMPILER_GENERATE_SWIFT_ASSET_SYMBOL_EXTENSIONS = YES;
				CLANG_ANALYZER_NONNULL = YES;
				CLANG_ANALYZER_NUMBER_OBJECT_CONVERSION = YES_AGGRESSIVE;
				CLANG_CXX_LANGUAGE_STANDARD = "gnu++20";
				CLANG_ENABLE_MODULES = YES;
				CLANG_ENABLE_OBJC_ARC = YES;
				CLANG_ENABLE_OBJC_WEAK = YES;
				CLANG_WARN_BLOCK_CAPTURE_AUTORELEASING = YES;
				CLANG_WARN_BOOL_CONVERSION = YES;
				CLANG_WARN_COMMA = YES;
				CLANG_WARN_CONSTANT_CONVERSION = YES;
				CLANG_WARN_DEPRECATED_OBJC_IMPLEMENTATIONS = YES;
				CLANG_WARN_DIRECT_OBJC_ISA_USAGE = YES_ERROR;
				CLANG_WARN_DOCUMENTATION_COMMENTS = YES;
				CLANG_WARN_EMPTY_BODY = YES;
				CLANG_WARN_ENUM_CONVERSION = YES;
				CLANG_WARN_INFINITE_RECURSION = YES;
				CLANG_WARN_INT_CONVERSION = YES;
				CLANG_WARN_NON_LITERAL_NULL_CONVERSION = YES;
				CLANG_WARN_OBJC_IMPLICIT_RETAIN_SELF = YES;
				CLANG_WARN_OBJC_LITERAL_CONVERSION = YES;
				CLANG_WARN_OBJC_ROOT_CLASS = YES_ERROR;
				CLANG_WARN_QUOTED_INCLUDE_IN_FRAMEWORK_HEADER = YES;
				CLANG_WARN_RANGE_LOOP_ANALYSIS = YES;
				CLANG_WARN_STRICT_PROTOTYPES = YES;
				CLANG_WARN_SUSPICIOUS_MOVE = YES;
				CLANG_WARN_UNGUARDED_AVAILABILITY = YES_AGGRESSIVE;
				CLANG_WARN_UNREACHABLE_CODE = YES;
				CLANG_WARN__DUPLICATE_METHOD_MATCH = YES;
				COPY_PHASE_STRIP = NO;
				DEBUG_INFORMATION_FORMAT = "dwarf-with-dsym";
				ENABLE_NS_ASSERTIONS = NO;
				ENABLE_STRICT_OBJC_MSGSEND = YES;
				ENABLE_USER_SCRIPT_SANDBOXING = YES;
				GCC_C_LANGUAGE_STANDARD = gnu17;
				GCC_NO_COMMON_BLOCKS = YES;
				GCC_WARN_64_TO_32_BIT_CONVERSION = YES;
				GCC_WARN_ABOUT_RETURN_TYPE = YES_ERROR;
				GCC_WARN_UNDECLARED_SELECTOR = YES;
				GCC_WARN_UNINITIALIZED_AUTOS = YES_AGGRESSIVE;
				GCC_WARN_UNUSED_FUNCTION = YES;
				GCC_WARN_UNUSED_VARIABLE = YES;
				IPHONEOS_DEPLOYMENT_TARGET = 18.2;
				LOCALIZATION_PREFERS_STRING_CATALOGS = YES;
				MTL_ENABLE_DEBUG_INFO = NO;
				MTL_FAST_MATH = YES;
				SDKROOT = iphoneos;
				SWIFT_COMPILATION_MODE = wholemodule;
				VALIDATE_PRODUCT = YES;
			};
			name = Release;
		};
		F4D775242D0B4CDD000BA427 /* Debug */ = {
			isa = XCBuildConfiguration;
			buildSettings = {
				ASSETCATALOG_COMPILER_APPICON_NAME = AppIcon;
				ASSETCATALOG_COMPILER_GLOBAL_ACCENT_COLOR_NAME = AccentColor;
				CODE_SIGN_STYLE = Automatic;
				CURRENT_PROJECT_VERSION = 1;
				DEVELOPMENT_ASSET_PATHS = "\"boilerplateSUI/Preview Content\"";
				DEVELOPMENT_TEAM = 7QDAMCQL8Q;
				ENABLE_PREVIEWS = YES;
				GENERATE_INFOPLIST_FILE = YES;
				INFOPLIST_KEY_UIApplicationSceneManifest_Generation = YES;
				INFOPLIST_KEY_UIApplicationSupportsIndirectInputEvents = YES;
				INFOPLIST_KEY_UILaunchScreen_Generation = YES;
				INFOPLIST_KEY_UISupportedInterfaceOrientations_iPad = "UIInterfaceOrientationPortrait UIInterfaceOrientationPortraitUpsideDown UIInterfaceOrientationLandscapeLeft UIInterfaceOrientationLandscapeRight";
				INFOPLIST_KEY_UISupportedInterfaceOrientations_iPhone = "UIInterfaceOrientationPortrait UIInterfaceOrientationLandscapeLeft UIInterfaceOrientationLandscapeRight";
				LD_RUNPATH_SEARCH_PATHS = (
					"$(inherited)",
					"@executable_path/Frameworks",
				);
				MARKETING_VERSION = 1.0;
				PRODUCT_BUNDLE_IDENTIFIER = com.shani.boilerplateSUI;
				PRODUCT_NAME = "$(TARGET_NAME)";
				SWIFT_EMIT_LOC_STRINGS = YES;
				SWIFT_VERSION = 5.0;
				TARGETED_DEVICE_FAMILY = "1,2";
			};
			name = Debug;
		};
		F4D775252D0B4CDD000BA427 /* Release */ = {
			isa = XCBuildConfiguration;
			buildSettings = {
				ASSETCATALOG_COMPILER_APPICON_NAME = AppIcon;
				ASSETCATALOG_COMPILER_GLOBAL_ACCENT_COLOR_NAME = AccentColor;
				CODE_SIGN_STYLE = Automatic;
				CURRENT_PROJECT_VERSION = 1;
				DEVELOPMENT_ASSET_PATHS = "\"boilerplateSUI/Preview Content\"";
				DEVELOPMENT_TEAM = 7QDAMCQL8Q;
				ENABLE_PREVIEWS = YES;
				GENERATE_INFOPLIST_FILE = YES;
				INFOPLIST_KEY_UIApplicationSceneManifest_Generation = YES;
				INFOPLIST_KEY_UIApplicationSupportsIndirectInputEvents = YES;
				INFOPLIST_KEY_UILaunchScreen_Generation = YES;
				INFOPLIST_KEY_UISupportedInterfaceOrientations_iPad = "UIInterfaceOrientationPortrait UIInterfaceOrientationPortraitUpsideDown UIInterfaceOrientationLandscapeLeft UIInterfaceOrientationLandscapeRight";
				INFOPLIST_KEY_UISupportedInterfaceOrientations_iPhone = "UIInterfaceOrientationPortrait UIInterfaceOrientationLandscapeLeft UIInterfaceOrientationLandscapeRight";
				LD_RUNPATH_SEARCH_PATHS = (
					"$(inherited)",
					"@executable_path/Frameworks",
				);
				MARKETING_VERSION = 1.0;
				PRODUCT_BUNDLE_IDENTIFIER = com.shani.boilerplateSUI;
				PRODUCT_NAME = "$(TARGET_NAME)";
				SWIFT_EMIT_LOC_STRINGS = YES;
				SWIFT_VERSION = 5.0;
				TARGETED_DEVICE_FAMILY = "1,2";
			};
			name = Release;
		};
		F4D775272D0B4CDD000BA427 /* Debug */ = {
			isa = XCBuildConfiguration;
			buildSettings = {
				BUNDLE_LOADER = "$(TEST_HOST)";
				CODE_SIGN_STYLE = Automatic;
				CURRENT_PROJECT_VERSION = 1;
				DEVELOPMENT_TEAM = 7QDAMCQL8Q;
				GENERATE_INFOPLIST_FILE = YES;
				IPHONEOS_DEPLOYMENT_TARGET = 18.2;
				MARKETING_VERSION = 1.0;
				PRODUCT_BUNDLE_IDENTIFIER = com.shani.boilerplateSUITests;
				PRODUCT_NAME = "$(TARGET_NAME)";
				SWIFT_EMIT_LOC_STRINGS = NO;
				SWIFT_VERSION = 5.0;
				TARGETED_DEVICE_FAMILY = "1,2";
				TEST_HOST = "$(BUILT_PRODUCTS_DIR)/boilerplateSUI.app/$(BUNDLE_EXECUTABLE_FOLDER_PATH)/boilerplateSUI";
			};
			name = Debug;
		};
		F4D775282D0B4CDD000BA427 /* Release */ = {
			isa = XCBuildConfiguration;
			buildSettings = {
				BUNDLE_LOADER = "$(TEST_HOST)";
				CODE_SIGN_STYLE = Automatic;
				CURRENT_PROJECT_VERSION = 1;
				DEVELOPMENT_TEAM = 7QDAMCQL8Q;
				GENERATE_INFOPLIST_FILE = YES;
				IPHONEOS_DEPLOYMENT_TARGET = 18.2;
				MARKETING_VERSION = 1.0;
				PRODUCT_BUNDLE_IDENTIFIER = com.shani.boilerplateSUITests;
				PRODUCT_NAME = "$(TARGET_NAME)";
				SWIFT_EMIT_LOC_STRINGS = NO;
				SWIFT_VERSION = 5.0;
				TARGETED_DEVICE_FAMILY = "1,2";
				TEST_HOST = "$(BUILT_PRODUCTS_DIR)/boilerplateSUI.app/$(BUNDLE_EXECUTABLE_FOLDER_PATH)/boilerplateSUI";
			};
			name = Release;
		};
		F4D7752A2D0B4CDD000BA427 /* Debug */ = {
			isa = XCBuildConfiguration;
			buildSettings = {
				CODE_SIGN_STYLE = Automatic;
				CURRENT_PROJECT_VERSION = 1;
				DEVELOPMENT_TEAM = 7QDAMCQL8Q;
				GENERATE_INFOPLIST_FILE = YES;
				MARKETING_VERSION = 1.0;
				PRODUCT_BUNDLE_IDENTIFIER = com.shani.boilerplateSUIUITests;
				PRODUCT_NAME = "$(TARGET_NAME)";
				SWIFT_EMIT_LOC_STRINGS = NO;
				SWIFT_VERSION = 5.0;
				TARGETED_DEVICE_FAMILY = "1,2";
				TEST_TARGET_NAME = boilerplateSUI;
			};
			name = Debug;
		};
		F4D7752B2D0B4CDD000BA427 /* Release */ = {
			isa = XCBuildConfiguration;
			buildSettings = {
				CODE_SIGN_STYLE = Automatic;
				CURRENT_PROJECT_VERSION = 1;
				DEVELOPMENT_TEAM = 7QDAMCQL8Q;
				GENERATE_INFOPLIST_FILE = YES;
				MARKETING_VERSION = 1.0;
				PRODUCT_BUNDLE_IDENTIFIER = com.shani.boilerplateSUIUITests;
				PRODUCT_NAME = "$(TARGET_NAME)";
				SWIFT_EMIT_LOC_STRINGS = NO;
				SWIFT_VERSION = 5.0;
				TARGETED_DEVICE_FAMILY = "1,2";
				TEST_TARGET_NAME = boilerplateSUI;
			};
			name = Release;
		};
/* End XCBuildConfiguration section */

/* Begin XCConfigurationList section */
		F4D774FA2D0B4CDA000BA427 /* Build configuration list for PBXProject "boilerplateSUI" */ = {
			isa = XCConfigurationList;
			buildConfigurations = (
				F4D775212D0B4CDD000BA427 /* Debug */,
				F4D775222D0B4CDD000BA427 /* Release */,
			);
			defaultConfigurationIsVisible = 0;
			defaultConfigurationName = Release;
		};
		F4D775232D0B4CDD000BA427 /* Build configuration list for PBXNativeTarget "boilerplateSUI" */ = {
			isa = XCConfigurationList;
			buildConfigurations = (
				F4D775242D0B4CDD000BA427 /* Debug */,
				F4D775252D0B4CDD000BA427 /* Release */,
			);
			defaultConfigurationIsVisible = 0;
			defaultConfigurationName = Release;
		};
		F4D775262D0B4CDD000BA427 /* Build configuration list for PBXNativeTarget "boilerplateSUITests" */ = {
			isa = XCConfigurationList;
			buildConfigurations = (
				F4D775272D0B4CDD000BA427 /* Debug */,
				F4D775282D0B4CDD000BA427 /* Release */,
			);
			defaultConfigurationIsVisible = 0;
			defaultConfigurationName = Release;
		};
		F4D775292D0B4CDD000BA427 /* Build configuration list for PBXNativeTarget "boilerplateSUIUITests" */ = {
			isa = XCConfigurationList;
			buildConfigurations = (
				F4D7752A2D0B4CDD000BA427 /* Debug */,
				F4D7752B2D0B4CDD000BA427 /* Release */,
			);
			defaultConfigurationIsVisible = 0;
			defaultConfigurationName = Release;
		};
/* End XCConfigurationList section */
	};
	rootObject = F4D774F72D0B4CDA000BA427 /* Project object */;
}
